version = 1
requires-python = ">=3.5"

[[package]]
name = "atomicwrites"
version = "1.4.1"
source = { registry = "https://pypi.org/simple" }
sdist = { url = "https://files.pythonhosted.org/packages/87/c6/53da25344e3e3a9c01095a89f16dbcda021c609ddb42dd6d7c0528236fb2/atomicwrites-1.4.1.tar.gz", hash = "sha256:81b2c9071a49367a7f770170e5eec8cb66567cfbbc8c73d20ce5ca4a8d71cf11", size = 14227 }

[[package]]
name = "attrs"
version = "22.1.0"
source = { registry = "https://pypi.org/simple" }
sdist = { url = "https://files.pythonhosted.org/packages/1a/cb/c4ffeb41e7137b23755a45e1bfec9cbb76ecf51874c6f1d113984ecaa32c/attrs-22.1.0.tar.gz", hash = "sha256:29adc2665447e5191d0e7c568fde78b21f9672d344281d0c6e1ab085429b22b6", size = 201288 }
wheels = [
    { url = "https://files.pythonhosted.org/packages/f2/bc/d817287d1aa01878af07c19505fafd1165cd6a119e9d0821ca1d1c20312d/attrs-22.1.0-py2.py3-none-any.whl", hash = "sha256:86efa402f67bf2df34f51a335487cf46b1ec130d02b8d39fd248abfd30da551c", size = 58795 },
]

[[package]]
name = "colorama"
version = "0.4.6"
source = { registry = "https://pypi.org/simple" }
sdist = { url = "https://files.pythonhosted.org/packages/d8/53/6f443c9a4a8358a93a6792e2acffb9d9d5cb0a5cfd8802644b7b1c9a02e4/colorama-0.4.6.tar.gz", hash = "sha256:08695f5cb7ed6e0531a20572697297273c47b8cae5a63ffc6d6ed5c201be6e44", size = 27697 }
wheels = [
    { url = "https://files.pythonhosted.org/packages/d1/d6/3965ed04c63042e047cb6a3e6ed1a63a35087b6a609aa3a15ed8ac56c221/colorama-0.4.6-py2.py3-none-any.whl", hash = "sha256:4f1d9991f5acc0ca119f9d443620b77f9d6b33703e51011c16baf57afb285fc6", size = 25335 },
]

[[package]]
name = "importlib-metadata"
version = "2.1.3"
source = { registry = "https://pypi.org/simple" }
dependencies = [
    { name = "zipp" },
]
sdist = { url = "https://files.pythonhosted.org/packages/4c/d8/af92ca59b33366b3b9d230d17772d728d7b064f3de6d6150332d5fa8dae3/importlib_metadata-2.1.3.tar.gz", hash = "sha256:02a9f62b02e9b1cc43871809ef99947e8f5d94771392d666ada2cafc4cd09d4f", size = 30408 }
wheels = [
    { url = "https://files.pythonhosted.org/packages/cf/b4/877779cd7b5a15536ecbe0655cfb35a0de0ede6d888151fd7356d278c47d/importlib_metadata-2.1.3-py2.py3-none-any.whl", hash = "sha256:52e65a0856f9ba7ea8f2c4ced253fb6c88d1a8c352cb1e916cff4eb17d5a693d", size = 10211 },
]

[[package]]
name = "iniconfig"
version = "1.1.1"
source = { registry = "https://pypi.org/simple" }
sdist = { url = "https://files.pythonhosted.org/packages/23/a2/97899f6bd0e873fed3a7e67ae8d3a08b21799430fb4da15cfedf10d6e2c2/iniconfig-1.1.1.tar.gz", hash = "sha256:bc3af051d7d14b2ee5ef9969666def0cd1a000e121eaea580d4a313df4b37f32", size = 8104 }
wheels = [
    { url = "https://files.pythonhosted.org/packages/9b/dd/b3c12c6d707058fa947864b67f0c4e0c39ef8610988d7baea9578f3c48f3/iniconfig-1.1.1-py2.py3-none-any.whl", hash = "sha256:011e24c64b7f47f6ebd835bb12a743f2fbe9a26d4cecaa7f53bc4f35ee9da8b3", size = 4990 },
]

[[package]]
name = "mypy"
version = "0.910"
source = { registry = "https://pypi.org/simple" }
dependencies = [
    { name = "mypy-extensions" },
    { name = "toml" },
    { name = "typed-ast", marker = "python_full_version < '3.8'" },
    { name = "typing-extensions" },
]
sdist = { url = "https://files.pythonhosted.org/packages/33/46/b5d01f8844c84772e950bfc6adcaaa94cd22fedeb7c01776fd6effb3c2f6/mypy-0.910.tar.gz", hash = "sha256:704098302473cb31a218f1775a873b376b30b4c18229421e9e9dc8916fd16150", size = 2500630 }
wheels = [
    { url = "https://files.pythonhosted.org/packages/28/3a/ccd49b8fdaf9b8850ac01814549e1bd3b1a58d7282bf52acd155e4d66497/mypy-0.910-cp35-cp35m-macosx_10_9_x86_64.whl", hash = "sha256:a155d80ea6cee511a3694b108c4494a39f42de11ee4e61e72bc424c490e46457", size = 8683712 },
    { url = "https://files.pythonhosted.org/packages/a1/d0/7e1dd31e360b0133ae6b882a40508e68d8b89a541c1fd7c3db6aa7ce9caa/mypy-0.910-cp35-cp35m-manylinux1_x86_64.whl", hash = "sha256:b94e4b785e304a04ea0828759172a15add27088520dc7e49ceade7834275bedb", size = 21192178 },
    { url = "https://files.pythonhosted.org/packages/0f/48/fdc29eb0ca4cef30ae99c31ed6fe7628a2d7bffaa0b9b850cc3aad4acd41/mypy-0.910-cp35-cp35m-manylinux2010_x86_64.whl", hash = "sha256:088cd9c7904b4ad80bec811053272986611b84221835e079be5bcad029e79dd9", size = 21192178 },
    { url = "https://files.pythonhosted.org/packages/ae/d4/df6814ce3be0436e8268e73e7f08b933eeb443480beca75c3bd6cdb45360/mypy-0.910-cp35-cp35m-win_amd64.whl", hash = "sha256:adaeee09bfde366d2c13fe6093a7df5df83c9a2ba98638c7d76b010694db760e", size = 8384287 },
    { url = "https://files.pythonhosted.org/packages/0f/e4/12ad47b982b9c43474145d6fe05b2b0e492debc5651541db7ed05faf6544/mypy-0.910-cp36-cp36m-macosx_10_9_x86_64.whl", hash = "sha256:ecd2c3fe726758037234c93df7e98deb257fd15c24c9180dacf1ef829da5f921", size = 8651803 },
    { url = "https://files.pythonhosted.org/packages/59/f0/6b607fd2a18a0f0235d77b269e0ffe6abf4fe89e441f93ba3c14dd181ba9/mypy-0.910-cp36-cp36m-manylinux1_x86_64.whl", hash = "sha256:d9dd839eb0dc1bbe866a288ba3c1afc33a202015d2ad83b31e875b5905a079b6", size = 21192162 },
    { url = "https://files.pythonhosted.org/packages/d6/35/8e62798bc9767feea91f8d4c7e8a8bd20828cbd3a4fce35fe5c52562b7a5/mypy-0.910-cp36-cp36m-manylinux2010_x86_64.whl", hash = "sha256:3e382b29f8e0ccf19a2df2b29a167591245df90c0b5a2542249873b5c1d78212", size = 21192167 },
    { url = "https://files.pythonhosted.org/packages/e7/a3/a6312fbb8bc355b9c87640960294c252e7c74e5886a3930ae1e01dd93d1d/mypy-0.910-cp36-cp36m-win_amd64.whl", hash = "sha256:53fd2eb27a8ee2892614370896956af2ff61254c275aaee4c230ae771cadd885", size = 8383851 },
    { url = "https://files.pythonhosted.org/packages/6b/af/7ac9c0a423c07c9ac30b372d05623eafa5e3b4e3b51059ce8dac15efeaee/mypy-0.910-cp37-cp37m-macosx_10_9_x86_64.whl", hash = "sha256:b6fb13123aeef4a3abbcfd7e71773ff3ff1526a7d3dc538f3929a49b42be03f0", size = 8800302 },
    { url = "https://files.pythonhosted.org/packages/4c/2c/04866ac33b0e45cd5d655c1fd1391b6ef974a875653e83d031ec542c2b68/mypy-0.910-cp37-cp37m-manylinux1_x86_64.whl", hash = "sha256:e4dab234478e3bd3ce83bac4193b2ecd9cf94e720ddd95ce69840273bf44f6de", size = 21529199 },
    { url = "https://files.pythonhosted.org/packages/37/38/1f0771d818f8a1fbb34e15cf694cc619a6d537b88d36162021fd7bc4d964/mypy-0.910-cp37-cp37m-manylinux2010_x86_64.whl", hash = "sha256:7df1ead20c81371ccd6091fa3e2878559b5c4d4caadaf1a484cf88d93ca06703", size = 21529203 },
    { url = "https://files.pythonhosted.org/packages/8f/cf/88dfb20b612e6d8d730657e92d27130d435f9ecd8214fca018df5b26637f/mypy-0.910-cp37-cp37m-win_amd64.whl", hash = "sha256:0aadfb2d3935988ec3815952e44058a3100499f5be5b28c34ac9d79f002a4a9a", size = 7450644 },
    { url = "https://files.pythonhosted.org/packages/2d/4c/08a918dbaf355d9e0c5b7a90736508bd9fa60a5e0416cdabaea1a15d6773/mypy-0.910-cp38-cp38-macosx_10_9_x86_64.whl", hash = "sha256:ec4e0cd079db280b6bdabdc807047ff3e199f334050db5cbb91ba3e959a67504", size = 8924875 },
    { url = "https://files.pythonhosted.org/packages/d9/7d/eb935e77ec2c50c5504f3c92d27e27776dba21ba6079211015dc5dd4c97e/mypy-0.910-cp38-cp38-manylinux1_x86_64.whl", hash = "sha256:119bed3832d961f3a880787bf621634ba042cb8dc850a7429f643508eeac97b9", size = 22827305 },
    { url = "https://files.pythonhosted.org/packages/11/02/5e68a38bdcda80f0707828b54ee1db06ebb27ed2d8e1055790a1e51c3373/mypy-0.910-cp38-cp38-manylinux2010_x86_64.whl", hash = "sha256:866c41f28cee548475f146aa4d39a51cf3b6a84246969f3759cb3e9c742fc072", size = 22827306 },
    { url = "https://files.pythonhosted.org/packages/c6/12/c08e950032d1a3afd8e29ee114032419988afaed82749f4c009e8b3b038c/mypy-0.910-cp38-cp38-win_amd64.whl", hash = "sha256:ceb6e0a6e27fb364fb3853389607cf7eb3a126ad335790fa1e14ed02fba50811", size = 7497452 },
    { url = "https://files.pythonhosted.org/packages/f7/be/3f188c3b4472a1e4cd07d1acb1a4d56b2a88264c06511e1845ffc539ccbc/mypy-0.910-cp39-cp39-macosx_10_9_x86_64.whl", hash = "sha256:1a85e280d4d217150ce8cb1a6dddffd14e753a4e0c3cf90baabb32cefa41b59e", size = 9019807 },
    { url = "https://files.pythonhosted.org/packages/42/e2/17ac35636f7b7e027fc7b5b7b11166666eccf005794de6f4e7b6c4d1e072/mypy-0.910-cp39-cp39-macosx_11_0_arm64.whl", hash = "sha256:42c266ced41b65ed40a282c575705325fa7991af370036d3f134518336636f5b", size = 8384203 },
    { url = "https://files.pythonhosted.org/packages/d5/66/e1c5fadda288ff6f04a83e52486503689077dd07b00a560d0d0211d8e841/mypy-0.910-cp39-cp39-manylinux1_x86_64.whl", hash = "sha256:3c4b8ca36877fc75339253721f69603a9c7fdb5d4d5a95a1a1b899d8b86a4de2", size = 23179995 },
    { url = "https://files.pythonhosted.org/packages/7b/8f/bce91c83acc63c1d0a0897acbdd31ad2adbd8cba15a82a6156450c7afb96/mypy-0.910-cp39-cp39-manylinux2010_x86_64.whl", hash = "sha256:c0df2d30ed496a08de5daed2a9ea807d07c21ae0ab23acf541ab88c24b26ab97", size = 23179996 },
    { url = "https://files.pythonhosted.org/packages/b1/29/e8144c0ba0beb3e91da1065a2ea93842263d94ae550bdd9cfe61c7c88f58/mypy-0.910-cp39-cp39-win_amd64.whl", hash = "sha256:c6c2602dffb74867498f86e6129fd52a2770c48b7cd3ece77ada4fa38f94eba8", size = 7544951 },
    { url = "https://files.pythonhosted.org/packages/15/e9/6b19c33819c27db7d69b938f062ea416398af62ae93aeb0fe47cb35d8a44/mypy-0.910-py3-none-any.whl", hash = "sha256:ef565033fa5a958e62796867b1df10c40263ea9ded87164d67572834e57a174d", size = 2149812 },
]

[[package]]
name = "mypy-extensions"
version = "0.4.4"
source = { registry = "https://pypi.org/simple" }
sdist = { url = "https://files.pythonhosted.org/packages/d6/c6/7809c27b5c5dacb9f6537e9489d969b266f7091204c75a03048edcb4daf9/mypy_extensions-0.4.4.tar.gz", hash = "sha256:c8b707883a96efe9b4bb3aaf0dcc07e7e217d7d8368eec4db4049ee9e142f4fd", size = 4246 }

[[package]]
name = "packaging"
version = "20.9"
source = { registry = "https://pypi.org/simple" }
dependencies = [
    { name = "pyparsing" },
]
sdist = { url = "https://files.pythonhosted.org/packages/86/3c/bcd09ec5df7123abcf695009221a52f90438d877a2f1499453c6938f5728/packaging-20.9.tar.gz", hash = "sha256:5b327ac1320dc863dca72f4514ecc086f31186744b84a230374cc1fd776feae5", size = 81267 }
wheels = [
    { url = "https://files.pythonhosted.org/packages/3e/89/7ea760b4daa42653ece2380531c90f64788d979110a2ab51049d92f408af/packaging-20.9-py2.py3-none-any.whl", hash = "sha256:67714da7f7bc052e064859c05c595155bd1ee9f69f76557e21f051443c20947a", size = 40870 },
]

[[package]]
name = "pathlib2"
version = "2.3.7.post1"
source = { registry = "https://pypi.org/simple" }
dependencies = [
    { name = "six" },
]
sdist = { url = "https://files.pythonhosted.org/packages/31/51/99caf463dc7c18eb18dad1fffe465a3cf3ee50ac3d1dccbd1781336fe9c7/pathlib2-2.3.7.post1.tar.gz", hash = "sha256:9fe0edad898b83c0c3e199c842b27ed216645d2e177757b2dd67384d4113c641", size = 211190 }
wheels = [
    { url = "https://files.pythonhosted.org/packages/09/eb/4af4bcd5b8731366b676192675221c5324394a580dfae469d498313b5c4a/pathlib2-2.3.7.post1-py2.py3-none-any.whl", hash = "sha256:5266a0fd000452f1b3467d782f079a4343c63aaa119221fbdc4e39577489ca5b", size = 18027 },
]

[[package]]
name = "pluggy"
version = "0.13.1"
source = { registry = "https://pypi.org/simple" }
dependencies = [
    { name = "importlib-metadata", marker = "python_full_version < '3.8'" },
]
sdist = { url = "https://files.pythonhosted.org/packages/f8/04/7a8542bed4b16a65c2714bf76cf5a0b026157da7f75e87cc88774aa10b14/pluggy-0.13.1.tar.gz", hash = "sha256:15b2acde666561e1298d71b523007ed7364de07029219b604cf808bfa1c765b0", size = 57962 }
wheels = [
    { url = "https://files.pythonhosted.org/packages/a0/28/85c7aa31b80d150b772fbe4a229487bc6644da9ccb7e427dd8cc60cb8a62/pluggy-0.13.1-py2.py3-none-any.whl", hash = "sha256:966c145cd83c96502c3c3868f50408687b38434af77734af1e9ca461a4081d2d", size = 18077 },
]

[[package]]
name = "py"
version = "1.11.0"
source = { registry = "https://pypi.org/simple" }
sdist = { url = "https://files.pythonhosted.org/packages/98/ff/fec109ceb715d2a6b4c4a85a61af3b40c723a961e8828319fbcb15b868dc/py-1.11.0.tar.gz", hash = "sha256:51c75c4126074b472f746a24399ad32f6053d1b34b68d2fa41e558e6f4a98719", size = 207796 }
wheels = [
    { url = "https://files.pythonhosted.org/packages/f6/f0/10642828a8dfb741e5f3fbaac830550a518a775c7fff6f04a007259b0548/py-1.11.0-py2.py3-none-any.whl", hash = "sha256:607c53218732647dff4acdfcd50cb62615cedf612e72d1724fb1a0cc6405b378", size = 98708 },
]

[[package]]
name = "pyparsing"
version = "2.4.7"
source = { registry = "https://pypi.org/simple" }
sdist = { url = "https://files.pythonhosted.org/packages/c1/47/dfc9c342c9842bbe0036c7f763d2d6686bcf5eb1808ba3e170afdb282210/pyparsing-2.4.7.tar.gz", hash = "sha256:c203ec8783bf771a155b207279b9bccb8dea02d8f0c9e5f8ead507bc3246ecc1", size = 649718 }
wheels = [
    { url = "https://files.pythonhosted.org/packages/8a/bb/488841f56197b13700afd5658fc279a2025a39e22449b7cf29864669b15d/pyparsing-2.4.7-py2.py3-none-any.whl", hash = "sha256:ef9d7589ef3c200abe66653d3f1ab1033c3c419ae9b9bdb1240a85b024efc88b", size = 67842 },
]

[[package]]
name = "pytest"
version = "6.1.2"
source = { registry = "https://pypi.org/simple" }
dependencies = [
    { name = "atomicwrites", marker = "sys_platform == 'win32'" },
    { name = "attrs" },
    { name = "colorama", marker = "sys_platform == 'win32'" },
    { name = "importlib-metadata", marker = "python_full_version < '3.8'" },
    { name = "iniconfig" },
    { name = "packaging" },
    { name = "pathlib2", marker = "python_full_version < '3.6'" },
    { name = "pluggy" },
    { name = "py" },
    { name = "toml" },
]
sdist = { url = "https://files.pythonhosted.org/packages/d4/df/bd7c25c4fe809a17315b3fc9878edf48d31dde7b431b6836848b063c0428/pytest-6.1.2.tar.gz", hash = "sha256:c0a7e94a8cdbc5422a51ccdad8e6f1024795939cc89159a0ae7f0b316ad3823e", size = 1084943 }
wheels = [
    { url = "https://files.pythonhosted.org/packages/b1/ee/53945d50284906adb1e613fabf2e1b8b25926e8676854bb25b93564c0ce7/pytest-6.1.2-py3-none-any.whl", hash = "sha256:4288fed0d9153d9646bfcdf0c0428197dba1ecb27a33bb6e031d002fa88653fe", size = 272430 },
]

[[package]]
name = "ruff"
version = "0.0.17"
source = { registry = "https://pypi.org/simple" }
sdist = { url = "https://files.pythonhosted.org/packages/aa/ed/7adc91572c08f346976335f6b1b22774ea555d11043a9ff013f962affab5/ruff-0.0.17.tar.gz", hash = "sha256:5815383171ccbab333d6b6d54253e91003ee6be4627738d56855cbefc393df41", size = 54259 }
wheels = [
    { url = "https://files.pythonhosted.org/packages/10/3b/4a6b289ab3ca80109402c15dd0fc83ef1c77572453b346a74ebc55666db5/ruff-0.0.17-cp310-cp310-macosx_10_7_x86_64.whl", hash = "sha256:2fa56d385b31462e26a605477c626023b16fb5a399b619ba0966d0d2b8d88eca", size = 1665731 },
    { url = "https://files.pythonhosted.org/packages/3d/23/5e519dd38ae42a75f8e6a952a3c5ea842804e2cb8c60a1d72807131d8aba/ruff-0.0.17-cp310-cp310-macosx_10_9_x86_64.macosx_11_0_arm64.macosx_10_9_universal2.whl", hash = "sha256:4f5694f9876cde21b95ad9c1691d0513617d2e88c0749f400b866505217fd5a0", size = 3202527 },
    { url = "https://files.pythonhosted.org/packages/9c/05/69872574ea3044cfbac4becef1c25c0b1227499c91c2232b83bad9bb104c/ruff-0.0.17-cp310-cp310-macosx_11_0_arm64.whl", hash = "sha256:d1349f4e5a4d53294fce92f42ecf881a73c180d71f14121461cac7d251abafd4", size = 1543942 },
    { url = "https://files.pythonhosted.org/packages/24/16/e5c7cb9b77d1f64d94d507d0c3d7ef491a10dc75825f458cb1bb05ae41cf/ruff-0.0.17-cp310-cp310-manylinux_2_12_i686.manylinux2010_i686.whl", hash = "sha256:f4e60d690898be3c3bf24387e67ac89496a97eb8814b8c0f0670ea43b6e83ee2", size = 1788392 },
    { url = "https://files.pythonhosted.org/packages/76/a4/dad616f277880963968d8a5e5719556f4ecadc7333c0da8bfb5060c5750c/ruff-0.0.17-cp310-cp310-manylinux_2_12_x86_64.manylinux2010_x86_64.whl", hash = "sha256:522cacc6e550a7d59ead3b0ca65623582d51bfe32f6c780770ccf5d1bc3246cb", size = 1758753 },
    { url = "https://files.pythonhosted.org/packages/bc/44/08d68e219e2e7659991b467122f41326fde1e2e959107746ed7559f5e498/ruff-0.0.17-cp310-cp310-manylinux_2_17_aarch64.manylinux2014_aarch64.whl", hash = "sha256:e608511d0349a6211a0a123744cc0960f88539dbf62a0b8a77e3ee483237a6da", size = 1677835 },
    { url = "https://files.pythonhosted.org/packages/d6/7d/4d897311a299007b8542bfcd83dff9b09db6a7130f48ad3252e8ba3740b9/ruff-0.0.17-cp310-cp310-manylinux_2_17_armv7l.manylinux2014_armv7l.whl", hash = "sha256:78f14cf1056ded6bda77162d7483e11a2f2a29763538422adaa5412654ff1a94", size = 1700213 },
    { url = "https://files.pythonhosted.org/packages/90/af/2c5dfa97f6994cf462e2b1934662f730608eec7ccfd6b992bab1af002ce9/ruff-0.0.17-cp310-cp310-manylinux_2_17_ppc64le.manylinux2014_ppc64le.whl", hash = "sha256:f7cd7180893a3ed789c82838c8082fda074ba1cec46f383e255e696533f634be", size = 1894523 },
    { url = "https://files.pythonhosted.org/packages/40/e8/74569b7b05ece82a9e298eed7e01b2ae18205cee88de0283d0647370d120/ruff-0.0.17-cp310-cp310-manylinux_2_17_s390x.manylinux2014_s390x.whl", hash = "sha256:a90917b0e9d2f851294e445f0b898fa94051c4d9edcc1ab6d40bc1129fb9bb1e", size = 2119346 },
    { url = "https://files.pythonhosted.org/packages/7c/46/2cb84ccb0944c37208a2cea880ba8c6cb2a1752759771d385d6217de46b2/ruff-0.0.17-cp310-cp310-musllinux_1_2_aarch64.whl", hash = "sha256:9bb485eb3e0ba0c19ffd14b533659448c1c5e2958171e818fc1bc42c76f3d99a", size = 1679168 },
    { url = "https://files.pythonhosted.org/packages/47/65/cfd4e305851fdb94b7c8147d9d839ed83f9a93a941cc89d71e633a094642/ruff-0.0.17-cp310-cp310-musllinux_1_2_armv7l.whl", hash = "sha256:f3a399e4d211cdbec9229a89b1b7e77345eae881e9c3682fef7e90044de6a864", size = 1715985 },
    { url = "https://files.pythonhosted.org/packages/23/7a/96a4e5c51bab9538d9ee27a0eba95bd790d120bcc76a195417abbfb2cc81/ruff-0.0.17-cp310-cp310-musllinux_1_2_i686.whl", hash = "sha256:80fe80b12ea042b9f0d8e80608db400e0c8e419d74a4dcf8b3b4fea9ec03362f", size = 1782188 },
    { url = "https://files.pythonhosted.org/packages/fb/3c/92267e9b9336bb1ba9ba7f5e3b9028e57ee4d77f32f728992c23da69ab53/ruff-0.0.17-cp310-cp310-musllinux_1_2_x86_64.whl", hash = "sha256:3b067ed2bd3fd0d4be591ea9afc796c07706291d78efe5a8eda4172c4d43525c", size = 1812203 },
    { url = "https://files.pythonhosted.org/packages/ca/d9/52cef313261a61931c4f3be228a774c5dad89f45042518d0f483864902ca/ruff-0.0.17-cp310-none-win32.whl", hash = "sha256:e3aba30e3aad77f260095ea1dbcf2834ab64d75133ff8d260625bb22887e2799", size = 1626413 },
    { url = "https://files.pythonhosted.org/packages/fe/d7/741e229667d0038d004783286ea6fa4554ff7a3b52bfe9b26b0380462e56/ruff-0.0.17-cp310-none-win_amd64.whl", hash = "sha256:a068bced7aff34173319931972fde3d7e68e3894915edac4e0f8c9b7bec7a226", size = 1654976 },
    { url = "https://files.pythonhosted.org/packages/20/50/470c8688e96fecac2096205cb45438676f6277b9c713a0aa1c4e633af503/ruff-0.0.17-cp37-cp37m-macosx_10_7_x86_64.whl", hash = "sha256:b708d650c2ba25458d9e735c51981b687bf6747a4b28403eb7f6bae1aa93cfcf", size = 1665730 },
    { url = "https://files.pythonhosted.org/packages/13/13/f68c059cafb95122214c2defac7005c8a5ce278c7f1768d6849c167df07a/ruff-0.0.17-cp37-cp37m-macosx_11_0_arm64.whl", hash = "sha256:91019d271c223a4c562dbc2fbf2a2a96157524999a1173a4c858816d0c1bb9e7", size = 1543941 },
    { url = "https://files.pythonhosted.org/packages/70/e9/353db015927b6336bffbb7fe16af3bf76e860ab0fbddd66bf0a6995a2bfa/ruff-0.0.17-cp37-cp37m-manylinux_2_12_i686.manylinux2010_i686.whl", hash = "sha256:edbaf1c7f6b6483a206e549026f03ef7e04e480b5204437e21370de508dcf736", size = 1788393 },
    { url = "https://files.pythonhosted.org/packages/32/e5/2c41a62d58763948fa332619226cb11ded2ec161c678d70b7991b839ecf5/ruff-0.0.17-cp37-cp37m-manylinux_2_12_x86_64.manylinux2010_x86_64.whl", hash = "sha256:52110ed886d674497531d44ead5fa2fe99be930adfc9cec4b1f39409043efb13", size = 1758755 },
    { url = "https://files.pythonhosted.org/packages/3f/a9/f0cc3416b6f2e3755c8b37271112c609dfdf862b2825d86f4fc926eee037/ruff-0.0.17-cp37-cp37m-manylinux_2_17_aarch64.manylinux2014_aarch64.whl", hash = "sha256:febfbe4fa02e680b93b3fc2dcb0ffe5d601435c9719a51e35fe51fff1d0cc2c6", size = 1677834 },
    { url = "https://files.pythonhosted.org/packages/ed/54/ad7286c9e136260eaf8d6236202384dfe71a884a7b31288e129a43c33cb7/ruff-0.0.17-cp37-cp37m-manylinux_2_17_armv7l.manylinux2014_armv7l.whl", hash = "sha256:a6e72d62bd47f086d14ea5796ea18d1b98089a839dad693afa471a1fcdb6ae0d", size = 1700213 },
    { url = "https://files.pythonhosted.org/packages/bd/f7/12a3cfa5b88485ecdc724d0e915a8ebe4dfebfa94422855a445850564d01/ruff-0.0.17-cp37-cp37m-manylinux_2_17_ppc64le.manylinux2014_ppc64le.whl", hash = "sha256:27d1bd7c71a90522e383853e411fcb402ccdcaf8778c6e0d54359153772f7870", size = 1894524 },
    { url = "https://files.pythonhosted.org/packages/e2/1a/1ab955830e84dcad9f606954d5b1094e186de144a2ad37247aa37145cbcd/ruff-0.0.17-cp37-cp37m-manylinux_2_17_s390x.manylinux2014_s390x.whl", hash = "sha256:5bed7beec36834e6fc40a03af92bc0da67599c70fbe24d8d820a1a2110b25eaf", size = 2119348 },
    { url = "https://files.pythonhosted.org/packages/3c/00/a67b2904d92034abd2f35a4d930eae08abf64106f64a90a67770395db8a7/ruff-0.0.17-cp37-none-win32.whl", hash = "sha256:c664d897e21b9aab2b20c764434653aa394e32c32d38e751fd4f381ace3a4e58", size = 1626410 },
    { url = "https://files.pythonhosted.org/packages/9c/a9/dacfff99065b0588ff9cf07411d7bbc8a167d1542d92a7e46f5825e262fa/ruff-0.0.17-cp37-none-win_amd64.whl", hash = "sha256:8c5900fd09baa2c7a4aecbdc754d3a43f2842906ee571812fa3eb28b8e7973a5", size = 1654975 },
    { url = "https://files.pythonhosted.org/packages/f3/a9/e5a048d209e246b3702a23540b1e09faa79b313b1b23f27993e33df3b01a/ruff-0.0.17-cp38-cp38-macosx_10_7_x86_64.whl", hash = "sha256:db04c29f114c68f447aeec23f9be6118ea11a18a2444416cb4afb0fd918e50db", size = 1665728 },
    { url = "https://files.pythonhosted.org/packages/32/3d/13114ef5793e43fd5c8ee17047fbdc86e9eacb81f708c0e01ca9d5db773f/ruff-0.0.17-cp38-cp38-macosx_10_9_x86_64.macosx_11_0_arm64.macosx_10_9_universal2.whl", hash = "sha256:8527c8aacdd0e911c6f7d6f1b109a17e68300ac0f255ccce73e748bb8835c722", size = 3202527 },
    { url = "https://files.pythonhosted.org/packages/09/3f/657daee09a7412bda8af1963d6dd1b4adfdbc0e2d37c7261984fc4953e19/ruff-0.0.17-cp38-cp38-macosx_11_0_arm64.whl", hash = "sha256:889aa57c771140ec6b17e15af8308e88e43a07b7369b97cb0426e1393e3d10b5", size = 1543942 },
    { url = "https://files.pythonhosted.org/packages/c1/6b/15e1c6744216236a3a08a8e40e318c329f86febdee7a1d62e3c449d75009/ruff-0.0.17-cp38-cp38-manylinux_2_12_i686.manylinux2010_i686.whl", hash = "sha256:7be31e77c1f98d9d02a7f6f2d4c05e8236cd9c82d0c3356b083162a011fc4d23", size = 1788391 },
    { url = "https://files.pythonhosted.org/packages/ff/fa/0cf5c91b2d415416ef0d534a8f19bdc07d11a52fd54aface524d006be1ce/ruff-0.0.17-cp38-cp38-manylinux_2_12_x86_64.manylinux2010_x86_64.whl", hash = "sha256:fe0c047d6fc74b55fcd1ac4f18110500ba871de2014039e4838ed7444d3459ff", size = 1758753 },
    { url = "https://files.pythonhosted.org/packages/8f/8b/ac8d7a1cce151c74fa9458f0297ca6fc287f9fe1a57fe710f99de970bfdb/ruff-0.0.17-cp38-cp38-manylinux_2_17_aarch64.manylinux2014_aarch64.whl", hash = "sha256:e4933e275f0c3af3a78ecf1f9a4e12cc0426cd76398c7e904786f99c1ea8a0dd", size = 1677834 },
    { url = "https://files.pythonhosted.org/packages/9f/38/e51bff666939e38155ef12930e6c1d4970f5a28c7f1ff3867e97b00a4cd0/ruff-0.0.17-cp38-cp38-manylinux_2_17_armv7l.manylinux2014_armv7l.whl", hash = "sha256:3a9f2fb8b3bac67d0fa9e50411ab424a863e4bc29a3336a046cc38f06d3ec17f", size = 1700211 },
    { url = "https://files.pythonhosted.org/packages/e2/96/949c17bed22816136d8e0456a242059da202e316ca4510715560c026d0d8/ruff-0.0.17-cp38-cp38-manylinux_2_17_ppc64le.manylinux2014_ppc64le.whl", hash = "sha256:5d45439cbe73332a064306c39528d6bbf4856abb6d377ad8244b6e74a737daaa", size = 1894522 },
    { url = "https://files.pythonhosted.org/packages/89/61/cec1cd7093eea58e083060fc66c3fcf758737785a21b752fc568f57eabab/ruff-0.0.17-cp38-cp38-manylinux_2_17_s390x.manylinux2014_s390x.whl", hash = "sha256:f7433f20d39a3819e322a3497dce037c6110f9588ec51ba136a938109dd31e71", size = 2119345 },
    { url = "https://files.pythonhosted.org/packages/a9/32/27bb21e91e0e7d6e76be6d5fce844c3ac52278ae49d8964eb356a024cf26/ruff-0.0.17-cp38-none-win32.whl", hash = "sha256:5f8f4f4310018807402c77d81ae020666b742d2173a73b147ce0d1e0a08f022f", size = 1626409 },
    { url = "https://files.pythonhosted.org/packages/d0/3f/cd9d27f2dbbd4975c7880d8284f893ea99cf73c646f453b9cef1b3924db5/ruff-0.0.17-cp38-none-win_amd64.whl", hash = "sha256:f0d0e8058d903b8fe899e04e1a957127ca97452553cf70ba9b4d1b277f034ad1", size = 1654979 },
    { url = "https://files.pythonhosted.org/packages/d3/4e/c854d4587c180936b33eac57344b11f52564878d2939fd6d9d842fa6e5ae/ruff-0.0.17-cp39-cp39-macosx_10_7_x86_64.whl", hash = "sha256:e6f24c3746d199bdb0d47149ed5353a41f0192630911396822fda0f8a6feaa0b", size = 1665735 },
    { url = "https://files.pythonhosted.org/packages/49/8b/8d2de1c9f7e2056bd4edaea393d6ad3494e75e99136cf127402afb4c496c/ruff-0.0.17-cp39-cp39-macosx_10_9_x86_64.macosx_11_0_arm64.macosx_10_9_universal2.whl", hash = "sha256:71cb773b19240f1be64c5f71aa2ad52b9f44fde1605c2c2f4089a5d61cb552d2", size = 3202528 },
    { url = "https://files.pythonhosted.org/packages/aa/9f/7235c23ed12dfd44823d3a127d5654cc2fbfbe3daa1aca00c43ad2ccd519/ruff-0.0.17-cp39-cp39-macosx_11_0_arm64.whl", hash = "sha256:bab716debcab46d9a1d7c8d00e2acf2b48ff28ec519b2b4c0eba873236782c21", size = 1543942 },
    { url = "https://files.pythonhosted.org/packages/2e/69/1d4a2819146458d478e8c8a194452da263ab60202083d8eba02307fde216/ruff-0.0.17-cp39-cp39-manylinux_2_12_i686.manylinux2010_i686.whl", hash = "sha256:ef57186452c0cfe71f09dac434bda0f1a804808f92221142adb9de28c3f422e6", size = 1788392 },
    { url = "https://files.pythonhosted.org/packages/c2/35/c3e2a3c3690e732860342b16e606795e977d87a90176ed1dae13c001ee86/ruff-0.0.17-cp39-cp39-manylinux_2_12_x86_64.manylinux2010_x86_64.whl", hash = "sha256:8b00be13abaf107c30b8bcaf2ac89dc2b3abd164728c229339910211c05e8c43", size = 1758753 },
    { url = "https://files.pythonhosted.org/packages/ad/3d/7d71456c7e1c543ed223b400a2e962a344b5467a27e196c4dd6f2d1d30c3/ruff-0.0.17-cp39-cp39-manylinux_2_17_aarch64.manylinux2014_aarch64.whl", hash = "sha256:e9c1ba3383995091ce6f3618e89f1bb0ed5caa730f64bb79a1c60184682dc5c3", size = 1677834 },
    { url = "https://files.pythonhosted.org/packages/f3/73/e87e31367fe7af0a027672e49703b61ea6566912d09e34a8e3e43bce3455/ruff-0.0.17-cp39-cp39-manylinux_2_17_armv7l.manylinux2014_armv7l.whl", hash = "sha256:865114aa655dc54e5699f18b258a33a15a36da915de4936d7a458425e7f6351d", size = 1700211 },
    { url = "https://files.pythonhosted.org/packages/2b/27/7449e2a8bca1957c0e2d57316ca8fdcdf8d83277b23d50a33bdded703aa6/ruff-0.0.17-cp39-cp39-manylinux_2_17_ppc64le.manylinux2014_ppc64le.whl", hash = "sha256:a390b4657cc1eebd9bb0e581da768aa557b1157f5eeed6fc8b5b920991061b04", size = 1894520 },
    { url = "https://files.pythonhosted.org/packages/80/39/db6441f33216e25e5dba811e9d908cff898df7c9930006c735ba6578dd65/ruff-0.0.17-cp39-cp39-manylinux_2_17_s390x.manylinux2014_s390x.whl", hash = "sha256:d3fec0e9e8f285324127b97c55b525fe61e8e16e93e1a03d34aba80e3aff9f21", size = 2119346 },
    { url = "https://files.pythonhosted.org/packages/73/cb/d7ae9d2276f23f89642df0af808c85acc632aceca5d7039ae3afe4585afb/ruff-0.0.17-cp39-none-win32.whl", hash = "sha256:3f063c889d65d71fb189d6246ccd537c23c9d0f6e483c961ac0b5e8477d6e3ca", size = 1626409 },
    { url = "https://files.pythonhosted.org/packages/d8/a7/3ccc344a2b228a15b52217ed2a2982214ad77684745c3e09ace2b1f8e9bf/ruff-0.0.17-cp39-none-win_amd64.whl", hash = "sha256:4ba403b8a5f38753ed3ba7ca16fb7c67eaee96a4e4a9e9709f3ad8cd3909012c", size = 1654973 },
]

[[package]]
name = "six"
version = "1.17.0"
source = { registry = "https://pypi.org/simple" }
sdist = { url = "https://files.pythonhosted.org/packages/94/e7/b2c673351809dca68a0e064b6af791aa332cf192da575fd474ed7d6f16a2/six-1.17.0.tar.gz", hash = "sha256:ff70335d468e7eb6ec65b95b99d3a2836546063f63acc5171de367e834932a81", size = 34031 }
wheels = [
    { url = "https://files.pythonhosted.org/packages/b7/ce/149a00dd41f10bc29e5921b496af8b574d8413afcd5e30dfa0ed46c2cc5e/six-1.17.0-py2.py3-none-any.whl", hash = "sha256:4721f391ed90541fddacab5acf947aa0d3dc7d27b2e1e8eda2be8970586c3274", size = 11050 },
]

[[package]]
name = "thought-miner-alignment"
version = "0.1.0"
source = { editable = "." }

[package.optional-dependencies]
dev = [
    { name = "mypy" },
    { name = "pytest" },
    { name = "ruff" },
]

[package.metadata]
requires-dist = [
    { name = "mypy", marker = "extra == 'dev'" },
    { name = "pytest", marker = "extra == 'dev'" },
    { name = "ruff", marker = "extra == 'dev'" },
]

[[package]]
name = "toml"
version = "0.10.2"
source = { registry = "https://pypi.org/simple" }
sdist = { url = "https://files.pythonhosted.org/packages/be/ba/1f744cdc819428fc6b5084ec34d9b30660f6f9daaf70eead706e3203ec3c/toml-0.10.2.tar.gz", hash = "sha256:b3bda1d108d5dd99f4a20d24d9c348e91c4db7ab1b749200bded2f839ccbe68f", size = 22253 }
wheels = [
    { url = "https://files.pythonhosted.org/packages/44/6f/7120676b6d73228c96e17f1f794d8ab046fc910d781c8d151120c3f1569e/toml-0.10.2-py2.py3-none-any.whl", hash = "sha256:806143ae5bfb6a3c6e736a764057db0e6a0e05e338b5630894a5f779cabb4f9b", size = 16588 },
]

[[package]]
name = "typed-ast"
version = "1.4.3"
source = { registry = "https://pypi.org/simple" }
sdist = { url = "https://files.pythonhosted.org/packages/6e/08/c04a49ee26a94c1ec211e7b1e5f2971d692e04818ea67ef70f1e879cf525/typed_ast-1.4.3.tar.gz", hash = "sha256:fb1bbeac803adea29cedd70781399c99138358c26d05fcbd23c13016b7f5ec65", size = 210893 }
wheels = [
    { url = "https://files.pythonhosted.org/packages/16/05/6e4328230cb16b0ae41223938f80e3cae3bbe8ae1c2aa7fe739e19bb4bc6/typed_ast-1.4.3-cp35-cp35m-manylinux1_i686.whl", hash = "sha256:2068531575a125b87a41802130fa7e29f26c09a2833fea68d9a40cf33902eba6", size = 687713 },
    { url = "https://files.pythonhosted.org/packages/d2/d9/4dc1977ae798f6081ef33d7a7c9adf73cba5e1fe503ebd4f2d0399574995/typed_ast-1.4.3-cp35-cp35m-manylinux1_x86_64.whl", hash = "sha256:c907f561b1e83e93fad565bac5ba9c22d96a54e7ea0267c708bffe863cbe4075", size = 743547 },
    { url = "https://files.pythonhosted.org/packages/0d/2c/947815984d0445b49cbedcca2c8e109d945facec077e034800168562dae3/typed_ast-1.4.3-cp35-cp35m-manylinux2014_aarch64.whl", hash = "sha256:1b3ead4a96c9101bef08f9f7d1217c096f31667617b58de957f690c92378b528", size = 829539 },
    { url = "https://files.pythonhosted.org/packages/bd/b5/f962ea5df10b97034cda1fe03b10a9a8cf98c4d9578592ac9254003c67bf/typed_ast-1.4.3-cp35-cp35m-win32.whl", hash = "sha256:dde816ca9dac1d9c01dd504ea5967821606f02e510438120091b84e852367428", size = 135034 },
    { url = "https://files.pythonhosted.org/packages/21/79/b6fe6009ce744c5c282ce7926a3da69d7c89a7854b13927406ffa86bf242/typed_ast-1.4.3-cp35-cp35m-win_amd64.whl", hash = "sha256:777a26c84bea6cd934422ac2e3b78863a37017618b6e5c08f92ef69853e765d3", size = 155342 },
    { url = "https://files.pythonhosted.org/packages/86/aa/29546548ed3affef704d9aabb95d7032bae8814bbf0e2323e48d353ed234/typed_ast-1.4.3-cp36-cp36m-macosx_10_9_x86_64.whl", hash = "sha256:f8afcf15cc511ada719a88e013cec87c11aff7b91f019295eb4530f96fe5ef2f", size = 224474 },
    { url = "https://files.pythonhosted.org/packages/e7/2e/c0310582bdf7aae906f866be273d1dbc90c5a8ff2e81e1b6c55af9831b1d/typed_ast-1.4.3-cp36-cp36m-manylinux1_i686.whl", hash = "sha256:52b1eb8c83f178ab787f3a4283f68258525f8d70f778a2f6dd54d3b5e5fb4341", size = 686959 },
    { url = "https://files.pythonhosted.org/packages/7e/4b/d7377c5d25b5c3b2682dada2eee1086b23842f3eb76e41063436aa4e302f/typed_ast-1.4.3-cp36-cp36m-manylinux1_x86_64.whl", hash = "sha256:01ae5f73431d21eead5015997ab41afa53aa1fbe252f9da060be5dad2c730ace", size = 743270 },
    { url = "https://files.pythonhosted.org/packages/f0/c7/4d9083f76c62fa9569a4efe7f89283ae56fd157f10c1961aeb06e8ab8064/typed_ast-1.4.3-cp36-cp36m-manylinux2014_aarch64.whl", hash = "sha256:c190f0899e9f9f8b6b7863debfb739abcb21a5c054f911ca3596d12b8a4c4c7f", size = 829689 },
    { url = "https://files.pythonhosted.org/packages/80/47/b04cb5d1baec711c945b8543416bbbf847f9d56431c32b043bc804d6b2b8/typed_ast-1.4.3-cp36-cp36m-win32.whl", hash = "sha256:398e44cd480f4d2b7ee8d98385ca104e35c81525dd98c519acff1b79bdaac363", size = 135113 },
    { url = "https://files.pythonhosted.org/packages/86/b1/5f0430173eab8d2351ca03aef813f885cebf7ff583f154ae14757df89640/typed_ast-1.4.3-cp36-cp36m-win_amd64.whl", hash = "sha256:bff6ad71c81b3bba8fa35f0f1921fb24ff4476235a6e94a26ada2e54370e6da7", size = 155937 },
    { url = "https://files.pythonhosted.org/packages/01/08/0d92feed38a4cafe45bcbd42a2507c1900e9ec1e2e9b5e5a472f8ebfa9bb/typed_ast-1.4.3-cp37-cp37m-macosx_10_9_x86_64.whl", hash = "sha256:0fb71b8c643187d7492c1f8352f2c15b4c4af3f6338f21681d3681b3dc31a266", size = 224479 },
    { url = "https://files.pythonhosted.org/packages/b4/5f/867b97f5e564c47d1755024d02ead9ea7569067aaf004f9042df1401482e/typed_ast-1.4.3-cp37-cp37m-manylinux1_i686.whl", hash = "sha256:760ad187b1041a154f0e4d0f6aae3e40fdb51d6de16e5c99aedadd9246450e9e", size = 687057 },
    { url = "https://files.pythonhosted.org/packages/65/b3/573d2f1fecbbe8f82a8d08172e938c247f99abe1be3bef3da2efaa3810bf/typed_ast-1.4.3-cp37-cp37m-manylinux1_x86_64.whl", hash = "sha256:5feca99c17af94057417d744607b82dd0a664fd5e4ca98061480fd8b14b18d04", size = 743395 },
    { url = "https://files.pythonhosted.org/packages/d0/cb/d70a8dd2dba6e7a2195719e1df559b6a7ec18983a3caf0ee5357d6d7a241/typed_ast-1.4.3-cp37-cp37m-manylinux2014_aarch64.whl", hash = "sha256:95431a26309a21874005845c21118c83991c63ea800dd44843e42a916aec5899", size = 843456 },
    { url = "https://files.pythonhosted.org/packages/c6/6f/ce968edc85a412ca4da62206a580ebf086842bf88affc4901c083b9f9411/typed_ast-1.4.3-cp37-cp37m-win32.whl", hash = "sha256:aee0c1256be6c07bd3e1263ff920c325b59849dc95392a05f258bb9b259cf39c", size = 135119 },
    { url = "https://files.pythonhosted.org/packages/9f/25/15113b2153fab6f3ad8c3a42169f25cb8ae9f7fee9d7201647d78eca3e91/typed_ast-1.4.3-cp37-cp37m-win_amd64.whl", hash = "sha256:9ad2c92ec681e02baf81fdfa056fe0d818645efa9af1f1cd5fd6f1bd2bdfd805", size = 155938 },
    { url = "https://files.pythonhosted.org/packages/e3/67/f42a09ead3b174437d85157dcac92e22c204380968469de356eb64d8347e/typed_ast-1.4.3-cp38-cp38-macosx_10_9_x86_64.whl", hash = "sha256:b36b4f3920103a25e1d5d024d155c504080959582b928e91cb608a65c3a49e1a", size = 225884 },
    { url = "https://files.pythonhosted.org/packages/b8/98/9f31fcc91c54b9ae80f5fa48352b6a22ed04b399037d87d0ecbca5b67d21/typed_ast-1.4.3-cp38-cp38-manylinux1_i686.whl", hash = "sha256:067a74454df670dcaa4e59349a2e5c81e567d8d65458d480a5b3dfecec08c5ff", size = 718119 },
    { url = "https://files.pythonhosted.org/packages/0d/14/d54fd856673e3a5cb230e481bcdea04976c28b691a65029a7d45aef80575/typed_ast-1.4.3-cp38-cp38-manylinux1_x86_64.whl", hash = "sha256:7538e495704e2ccda9b234b82423a4038f324f3a10c43bc088a1636180f11a41", size = 774014 },
    { url = "https://files.pythonhosted.org/packages/13/25/bde133fcd73e4c74e9a8de8410fe867aaca843838b83cc22304eec960fbc/typed_ast-1.4.3-cp38-cp38-manylinux2014_aarch64.whl", hash = "sha256:af3d4a73793725138d6b334d9d247ce7e5f084d96284ed23f22ee626a7b88e39", size = 901529 },
    { url = "https://files.pythonhosted.org/packages/5c/3c/5633501c5cbc46a3ce495d29eed4ac43b1e864aebbeeefdcc1d372d83c81/typed_ast-1.4.3-cp38-cp38-win32.whl", hash = "sha256:f2362f3cb0f3172c42938946dbc5b7843c2a28aec307c49100c8b38764eb6927", size = 136768 },
    { url = "https://files.pythonhosted.org/packages/80/4b/e090d83d7fee2f5745863317281b84ac753c6813a4303eee29e531706347/typed_ast-1.4.3-cp38-cp38-win_amd64.whl", hash = "sha256:dd4a21253f42b8d2b48410cb31fe501d32f8b9fbeb1f55063ad102fe9c425e40", size = 158622 },
    { url = "https://files.pythonhosted.org/packages/b2/98/c818c3024a0d44558a53941671dea7d14c690e74aa02fe2b7976d16275d1/typed_ast-1.4.3-cp39-cp39-macosx_10_9_x86_64.whl", hash = "sha256:f328adcfebed9f11301eaedfa48e15bdece9b519fb27e6a8c01aa52a17ec31b3", size = 226600 },
    { url = "https://files.pythonhosted.org/packages/96/b0/0d26e87c8beefd839e466b4b3507c8ba826b2ee8d3d7ad049618f60d3b2e/typed_ast-1.4.3-cp39-cp39-manylinux1_i686.whl", hash = "sha256:2c726c276d09fc5c414693a2de063f521052d9ea7c240ce553316f70656c84d4", size = 717946 },
    { url = "https://files.pythonhosted.org/packages/d0/c7/7a26ab66c32558dac761ea88d79c4175d99231db9ebb9e09c0c354bba612/typed_ast-1.4.3-cp39-cp39-manylinux1_x86_64.whl", hash = "sha256:cae53c389825d3b46fb37538441f75d6aecc4174f615d048321b716df2757fb0", size = 769174 },
    { url = "https://files.pythonhosted.org/packages/62/9f/55f7378ecae81cbebc586dc15d48285141a026241704b1df6f043613218f/typed_ast-1.4.3-cp39-cp39-manylinux2014_aarch64.whl", hash = "sha256:b9574c6f03f685070d859e75c7f9eeca02d6933273b5e69572e5ff9d5e3931c3", size = 872725 },
    { url = "https://files.pythonhosted.org/packages/45/fb/3e55e779d1efb4ba3b0aef1212e01061462b4dd570febee57c2d33016595/typed_ast-1.4.3-cp39-cp39-win32.whl", hash = "sha256:209596a4ec71d990d71d5e0d312ac935d86930e6eecff6ccc7007fe54d703808", size = 136257 },
    { url = "https://files.pythonhosted.org/packages/e5/d4/12cea19d4b5b7ef124016afd4671ed10418d918bc1ff83a964036261025c/typed_ast-1.4.3-cp39-cp39-win_amd64.whl", hash = "sha256:9c6d1a54552b5330bc657b7ef0eae25d00ba7ffe85d9ea8ae6540d2197a3788c", size = 158338 },
]

[[package]]
name = "typing-extensions"
version = "3.10.0.2"
source = { registry = "https://pypi.org/simple" }
sdist = { url = "https://files.pythonhosted.org/packages/ed/12/c5079a15cf5c01d7f4252b473b00f7e68ee711be605b9f001528f0298b98/typing_extensions-3.10.0.2.tar.gz", hash = "sha256:49f75d16ff11f1cd258e1b988ccff82a3ca5570217d7ad8c5f48205dd99a677e", size = 46048 }
wheels = [
    { url = "https://files.pythonhosted.org/packages/74/60/18783336cc7fcdd95dae91d73477830aa53f5d3181ae4fe20491d7fc3199/typing_extensions-3.10.0.2-py3-none-any.whl", hash = "sha256:f1d25edafde516b146ecd0613dabcc61409817af4766fbbcfb8d1ad4ec441a34", size = 26288 },
]

[[package]]
name = "zipp"
version = "1.2.0"
source = { registry = "https://pypi.org/simple" }
sdist = { url = "https://files.pythonhosted.org/packages/78/08/d52f0ea643bc1068d6dc98b412f4966a9b63255d20911a23ac3220c033c4/zipp-1.2.0.tar.gz", hash = "sha256:c70410551488251b0fee67b460fb9a536af8d6f9f008ad10ac51f615b6a521b1", size = 13357 }
wheels = [
    { url = "https://files.pythonhosted.org/packages/96/0a/67556e9b7782df7118c1f49bdc494da5e5e429c93aa77965f33e81287c8c/zipp-1.2.0-py2.py3-none-any.whl", hash = "sha256:e0d9e63797e483a30d27e09fffd308c59a700d365ec34e93cc100844168bf921", size = 4821 },
]
